
Microsoft Visual Studio Solution File, Format Version 12.00
# Visual Studio Version 17
VisualStudioVersion = 17.14.36518.9 d17.14
MinimumVisualStudioVersion = 10.0.40219.1
Project("{FAE04EC0-301F-11D3-BF4B-00C04F79EFBC}") = "WpfApp1", "WpfApp1\WpfApp1.csproj", "{BE74EF47-D436-4367-9B0F-B67ED61F62C9}"
EndProject
Global
	GlobalSection(SolutionConfigurationPlatforms) = preSolution
		Debug|Any CPU = Debug|Any CPU
		Release|Any CPU = Release|Any CPU
	EndGlobalSection
	GlobalSection(ProjectConfigurationPlatforms) = postSolution
		{BE74EF47-D436-4367-9B0F-B67ED61F62C9}.Debug|Any CPU.ActiveCfg = Debug|Any CPU
		{BE74EF47-D436-4367-9B0F-B67ED61F62C9}.Debug|Any CPU.Build.0 = Debug|Any CPU
		{BE74EF47-D436-4367-9B0F-B67ED61F62C9}.Release|Any CPU.ActiveCfg = Release|Any CPU
		{BE74EF47-D436-4367-9B0F-B67ED61F62C9}.Release|Any CPU.Build.0 = Release|Any CPU
	EndGlobalSection
	GlobalSection(SolutionProperties) = preSolution
		HideSolutionNode = FALSE
	EndGlobalSection
	GlobalSection(ExtensibilityGlobals) = postSolution
		SolutionGuid = {A811A08C-5F01-46A0-A631-273DD1F8D611}
	EndGlobalSection
EndGlobal
